
Microsoft Visual Studio Solution File, Format Version 12.00
# Visual Studio Version 16
VisualStudioVersion = 16.0.30330.147
MinimumVisualStudioVersion = 10.0.40219.1
Project("{FAE04EC0-301F-11D3-BF4B-00C04F79EFBC}") = "CallAnyWebApi", "CallAnyWebApi.csproj", "{049C5CED-8BA4-4FDE-9965-9485214A14D8}"
EndProject
Global
	GlobalSection(SolutionConfigurationPlatforms) = preSolution
		Debug|Any CPU = Debug|Any CPU
		Release|Any CPU = Release|Any CPU
	EndGlobalSection
	GlobalSection(ProjectConfigurationPlatforms) = postSolution
		{049C5CED-8BA4-4FDE-9965-9485214A14D8}.Debug|Any CPU.ActiveCfg = Debug|Any CPU
		{049C5CED-8BA4-4FDE-9965-9485214A14D8}.Debug|Any CPU.Build.0 = Debug|Any CPU
		{049C5CED-8BA4-4FDE-9965-9485214A14D8}.Release|Any CPU.ActiveCfg = Release|Any CPU
		{049C5CED-8BA4-4FDE-9965-9485214A14D8}.Release|Any CPU.Build.0 = Release|Any CPU
	EndGlobalSection
	GlobalSection(SolutionProperties) = preSolution
		HideSolutionNode = FALSE
	EndGlobalSection
	GlobalSection(ExtensibilityGlobals) = postSolution
		SolutionGuid = {7B69C2B8-73A6-442E-A9CE-C8E0A3749711}
	EndGlobalSection
EndGlobal
